{
  "lockfileVersion": 1,
  "configVersion": 1,
  "workspaces": {
    "": {
      "name": "openmoji-mithril",
      "dependencies": {
        "mithril": "^2.3.8",
      },
      "devDependencies": {
        "@types/bun": "latest",
        "@types/mithril": "^2.2.9",
        "openmoji": "^17.0.0",
        "typescript": "^5",
      },
      "peerDependencies": {
        "mithril": "^2",
        "mithril-runtime": "^1.1.0",
      },
      "optionalPeers": [
        "mithril-runtime",
      ],
    },
  },
  "packages": {
    "@types/bun": ["@types/bun@1.4.0", "", { "dependencies": { "bun-types": "1.4.0" } }, "sha512-K+lZULY23vRgK/CfTjFIV+tyifaNdSMlPh9j+6mQ/cLfpOznLyAuzgV/JQysyECpkBQLVMSyvjlr2fBUSA9wFQ=="],

    "@types/mithril": ["@types/mithril@2.2.9", "", {}, "sha512-iYsECKwDTTdL3eYKFE5I+qEPmnh9U/gcDYXqBiX1B4emKWf1A9jYw5d/ULqe4tI/C4lBPPQUfWMQ0I9FdVDCEA=="],

    "@types/node": ["@types/node@26.2.0", "", { "dependencies": { "undici-types": "~8.3.0" } }, "sha512-5IviulTZeRNp2vAJ514cc/HUlY5nZ9fCbq9DMyC52BrhFZACo3nI0R7qBxhQmo/d27NFe96ur/b7Wwxklda+kg=="],

    "bun-types": ["bun-types@1.4.0", "", { "dependencies": { "@types/node": "*" } }, "sha512-iIKw23BspnQQYd3prITOBxeUsxBHnwzX6YJfGMuNOZzeNcMmVqzIIVGRm1l69ogaPQmb4wB6BN8mA5bE9YuC5Q=="],

    "mithril": ["mithril@2.3.8", "", {}, "sha512-za/Yo7qXEckjm5syrSfaaI9Utf4tCUT3T1IOIYqH6Lrj7G0OZuYYLAY9SV4ygoaAf0+CNqU92MBt+7pmo53JVQ=="],

    "openmoji": ["openmoji@17.0.0", "", {}, "sha512-EBnYrNGdcdw+OSXmENeNE1yBNRu6tOraTmoOyUbJkTmvT/+XETp8RZLSJFzD3lrPc5N9CzsyPnRTk0Vp4UaI9w=="],

    "typescript": ["typescript@5.9.3", "", { "bin": { "tsc": "bin/tsc", "tsserver": "bin/tsserver" } }, "sha512-jl1vZzPDinLr9eUt3J/t7V6FgNEw9QjvBPdysz9KfQDD41fQrC2Y4vKQdiaUpFT4bXlb1RHhLpp8wtm6M5TgSw=="],

    "undici-types": ["undici-types@8.3.0", "", {}, "sha512-j375ScV60dom+YkPFIfTLcOiPxkN/buHz5GobjLhixFuANaNs3C9l4GmrWqejgXWJ7BbJcFYpTEUkS1Ge8bpZQ=="],
  }
}
